
Microsoft Visual Studio Solution File, Format Version 12.00
# Visual Studio Version 16
VisualStudioVersion = 16.0.30002.166
MinimumVisualStudioVersion = 10.0.40219.1
Project("{FAE04EC0-301F-11D3-BF4B-00C04F79EFBC}") = "MyEditorApp", "MyEditorApp\MyEditorApp.csproj", "{B6A7C345-BF84-4D66-872E-B7449E524305}"
EndProject
Project("{FAE04EC0-301F-11D3-BF4B-00C04F79EFBC}") = "MyEditorLibrary", "MyLibrary\MyEditorLibrary.csproj", "{7B49151A-3B3B-4768-A311-41EE2193885D}"
EndProject
Global
	GlobalSection(SolutionConfigurationPlatforms) = preSolution
		Debug|Any CPU = Debug|Any CPU
		Release|Any CPU = Release|Any CPU
	EndGlobalSection
	GlobalSection(ProjectConfigurationPlatforms) = postSolution
		{B6A7C345-BF84-4D66-872E-B7449E524305}.Debug|Any CPU.ActiveCfg = Debug|Any CPU
		{B6A7C345-BF84-4D66-872E-B7449E524305}.Debug|Any CPU.Build.0 = Debug|Any CPU
		{B6A7C345-BF84-4D66-872E-B7449E524305}.Release|Any CPU.ActiveCfg = Release|Any CPU
		{B6A7C345-BF84-4D66-872E-B7449E524305}.Release|Any CPU.Build.0 = Release|Any CPU
		{7B49151A-3B3B-4768-A311-41EE2193885D}.Debug|Any CPU.ActiveCfg = Debug|Any CPU
		{7B49151A-3B3B-4768-A311-41EE2193885D}.Debug|Any CPU.Build.0 = Debug|Any CPU
		{7B49151A-3B3B-4768-A311-41EE2193885D}.Release|Any CPU.ActiveCfg = Release|Any CPU
		{7B49151A-3B3B-4768-A311-41EE2193885D}.Release|Any CPU.Build.0 = Release|Any CPU
	EndGlobalSection
	GlobalSection(SolutionProperties) = preSolution
		HideSolutionNode = FALSE
	EndGlobalSection
	GlobalSection(ExtensibilityGlobals) = postSolution
		SolutionGuid = {05FA7364-C2F7-4A8C-AC70-61FF602E33F3}
	EndGlobalSection
EndGlobal
